# -------------------------------------------------------------------------- #
#
# Copyright (C) 1991-2012 Altera Corporation
# Your use of Altera Corporation's design tools, logic functions 
# and other software and tools, and its AMPP partner logic 
# functions, and any output files from any of the foregoing 
# (including device programming or simulation files), and any 
# associated documentation or information are expressly subject 
# to the terms and conditions of the Altera Program License 
# Subscription Agreement, Altera MegaCore Function License 
# Agreement, or other applicable license agreement, including, 
# without limitation, that your use is for the sole purpose of 
# programming logic devices manufactured by Altera and sold by 
# Altera or its authorized distributors.  Please refer to the 
# applicable agreement for further details.
#
# -------------------------------------------------------------------------- #
#
# Quartus II 64-Bit
# Version 12.1 Build 177 11/07/2012 SJ Full Version
# Date created = 05:15:58  June 01, 2018
#
# -------------------------------------------------------------------------- #
#
# Notes:
#
# 1) The default values for assignments are stored in the file:
#		master_assignment_defaults.qdf
#    If this file doesn't exist, see file:
#		assignment_defaults.qdf
#
# 2) Altera recommends that you do not modify this file. This
#    file is updated automatically by the Quartus II software
#    and any changes you make may be lost or overwritten.
#
# -------------------------------------------------------------------------- #


set_global_assignment -name FAMILY "Cyclone II"
set_global_assignment -name DEVICE EP2C70F672C8
set_global_assignment -name TOP_LEVEL_ENTITY master
set_global_assignment -name ORIGINAL_QUARTUS_VERSION 12.1
set_global_assignment -name PROJECT_CREATION_TIME_DATE "05:15:58  JUNE 01, 2018"
set_global_assignment -name LAST_QUARTUS_VERSION 12.1
set_global_assignment -name PROJECT_OUTPUT_DIRECTORY output_files
set_global_assignment -name MIN_CORE_JUNCTION_TEMP 0
set_global_assignment -name MAX_CORE_JUNCTION_TEMP 85
set_global_assignment -name ERROR_CHECK_FREQUENCY_DIVISOR 1
set_global_assignment -name PARTITION_NETLIST_TYPE SOURCE -section_id Top
set_global_assignment -name PARTITION_FITTER_PRESERVATION_LEVEL PLACEMENT_AND_ROUTING -section_id Top
set_global_assignment -name PARTITION_COLOR 16764057 -section_id Top
set_global_assignment -name STRATIX_DEVICE_IO_STANDARD "3.3-V LVTTL"
set_location_assignment PIN_U1 -to b[2]
set_location_assignment PIN_U2 -to b[1]
set_location_assignment PIN_T4 -to b[0]
set_location_assignment PIN_AF9 -to cur_out[6]
set_location_assignment PIN_AD10 -to cur_out[5]
set_location_assignment PIN_AC11 -to cur_out[4]
set_location_assignment PIN_AB12 -to cur_out[3]
set_location_assignment PIN_AE10 -to cur_out[2]
set_location_assignment PIN_AF10 -to cur_out[1]
set_location_assignment PIN_AD15 -to cur_out[0]
set_location_assignment PIN_T3 -to g[2]
set_location_assignment PIN_T2 -to g[1]
set_location_assignment PIN_R5 -to g[0]
set_location_assignment PIN_U3 -to hs
set_location_assignment PIN_P1 -to M11clk
set_location_assignment PIN_C19 -to M11clkout
set_location_assignment PIN_N2 -to M100clk
set_location_assignment PIN_AE7 -to ply1_out[6]
set_location_assignment PIN_AF7 -to ply1_out[5]
set_location_assignment PIN_AE8 -to ply1_out[4]
set_location_assignment PIN_AF8 -to ply1_out[3]
set_location_assignment PIN_AC9 -to ply1_out[2]
set_location_assignment PIN_AC10 -to ply1_out[1]
set_location_assignment PIN_AE9 -to ply1_out[0]
set_location_assignment PIN_AC7 -to ply2_out[6]
set_location_assignment PIN_AB8 -to ply2_out[5]
set_location_assignment PIN_AC8 -to ply2_out[4]
set_location_assignment PIN_AD8 -to ply2_out[3]
set_location_assignment PIN_AE6 -to ply2_out[2]
set_location_assignment PIN_AF6 -to ply2_out[1]
set_location_assignment PIN_AB10 -to ply2_out[0]
set_location_assignment PIN_AD6 -to ps2_clk
set_location_assignment PIN_AD7 -to ps2_data
set_location_assignment PIN_R4 -to r[2]
set_location_assignment PIN_R3 -to r[1]
set_location_assignment PIN_R2 -to r[0]
set_location_assignment PIN_N1 -to reset
set_location_assignment PIN_C17 -to Serialinfo_bullet
set_location_assignment PIN_A17 -to Serialinfo_headclk
set_location_assignment PIN_D17 -to Serialinfo_player
set_location_assignment PIN_A20 -to Serialkeyboard_in
set_location_assignment PIN_U4 -to vs
set_global_assignment -name ENABLE_SIGNALTAP OFF
set_global_assignment -name USE_SIGNALTAP_FILE output_files/stp1.stp
set_global_assignment -name VHDL_FILE ../display/BulletPic.vhd
set_global_assignment -name VHDL_FILE ../control/judgeDead.vhd
set_global_assignment -name VHDL_FILE ../display/HeartPic.vhd
set_global_assignment -name VHDL_FILE ../display/RightPlayerPic.vhd
set_global_assignment -name VHDL_FILE ../display/LeftPlayerPic.vhd
set_global_assignment -name VHDL_FILE ../input/slowclk.vhd
set_global_assignment -name VHDL_FILE ../types.vhd
set_global_assignment -name VHDL_FILE ../serial_port/Keyboard_Receiver.vhd
set_global_assignment -name VHDL_FILE ../serial_port/Game_Info_Sender.vhd
set_global_assignment -name VHDL_FILE ../input/KeyBoard.vhd
set_global_assignment -name VHDL_FILE ../input/InputModule.vhd
set_global_assignment -name VHDL_FILE ../display/Screen.vhd
set_global_assignment -name VHDL_FILE ../display/Renderer.vhd
set_global_assignment -name VHDL_FILE ../display/GenClk.vhd
set_global_assignment -name VHDL_FILE ../control/xytrans.vhd
set_global_assignment -name VHDL_FILE ../control/wallhit.vhd
set_global_assignment -name VHDL_FILE ../control/speedmod.vhd
set_global_assignment -name VHDL_FILE ../control/nextpos.vhd
set_global_assignment -name VHDL_FILE ../control/init.vhd
set_global_assignment -name VHDL_FILE ../control/emitBullets.vhd
set_global_assignment -name VHDL_FILE ../control/BulletMove.vhd
set_global_assignment -name VHDL_FILE ../control/bullethit.vhd
set_global_assignment -name VHDL_FILE master.vhd
set_global_assignment -name VHDL_FILE logic_controller.vhd
set_global_assignment -name QIP_FILE ../statics/onetotwo.qip
set_global_assignment -name QIP_FILE ../statics/twototwo.qip
set_global_assignment -name SOURCE_FILE db/master.cmp.rdb
set_global_assignment -name QIP_FILE ../statics/onetoone.qip
set_global_assignment -name QIP_FILE ../statics/twotoone.qip
set_global_assignment -name QIP_FILE ../statics/heart.qip
set_global_assignment -name QIP_FILE ../statics/bulletL.qip
set_global_assignment -name QIP_FILE ../statics/bulletR.qip
set_instance_assignment -name PARTITION_HIERARCHY root_partition -to | -section_id Top